# This file may be used to create an environment using:
# $ conda create --name <env> --file <this file>
# platform: osx-arm64
# created-by: conda 26.3.2
@EXPLICIT
https://conda.anaconda.org/conda-forge/osx-arm64/bzip2-1.0.8-h4e30115_10.conda#b50612e7d190b8061ab4e7dc119cf4d5
https://conda.anaconda.org/conda-forge/noarch/ca-certificates-2026.7.22-hbd8a1cb_0.conda#0f51e2391ade309db462a55611263e9c
https://conda.anaconda.org/conda-forge/osx-arm64/dav1d-1.2.1-hb547adb_0.conda#5a74cdee497e6b65173e10d94582fae6
https://conda.anaconda.org/conda-forge/noarch/font-ttf-dejavu-sans-mono-2.37-hab24e00_0.tar.bz2#0c96522c6bdaed4b1566d11387caaf45
https://conda.anaconda.org/conda-forge/noarch/font-ttf-inconsolata-3.000-h77eed37_0.tar.bz2#34893075a5c9e55cdafac56607368fc6
https://conda.anaconda.org/conda-forge/noarch/font-ttf-source-code-pro-2.038-h77eed37_0.tar.bz2#4d59c254e01d9cde7957100457e2d5fb
https://conda.anaconda.org/conda-forge/noarch/font-ttf-ubuntu-0.83-h77eed37_3.conda#49023d73832ef61042f6a237cb2687e7
https://conda.anaconda.org/conda-forge/osx-arm64/fribidi-1.0.16-h84a0fba_1.conda#2bb7d7dd91116b8c85e805b0e08cc67b
https://conda.anaconda.org/conda-forge/osx-arm64/icu-78.3-hc7cc350_2.conda#6133ddbb17ba2b50700dd88e9303ce27
https://conda.anaconda.org/conda-forge/osx-arm64/libbrotlicommon-1.2.0-hc919400_1.conda#006e7ddd8a110771134fcc4e1e3a6ffa
https://conda.anaconda.org/conda-forge/osx-arm64/libcxx-22.1.8-h55c6f16_0.conda#89f76a2a21a3ec3ec983b5eb237c4113
https://conda.anaconda.org/conda-forge/osx-arm64/libdeflate-1.25-he7e0567_1.conda#78650d671cb56909bb3e5c13bce310f9
https://conda.anaconda.org/conda-forge/osx-arm64/libdovi-3.4.0-h78f8ca3_0.conda#39f3bc34f80d45b03176c600f1d3c9f5
https://conda.anaconda.org/conda-forge/osx-arm64/libexpat-2.8.1-hf6b4638_1.conda#a915151d5d3c5bf039f5ccc8402a436f
https://conda.anaconda.org/conda-forge/osx-arm64/libffi-3.5.2-hcf2aa1b_0.conda#43c04d9cb46ef176bb2a4c77e324d599
https://conda.anaconda.org/conda-forge/osx-arm64/libiconv-1.18-h23cfdf5_2.conda#4d5a7445f0b25b6a3ddbb56e790f5251
https://conda.anaconda.org/conda-forge/osx-arm64/libjpeg-turbo-3.2.0-h84a0fba_1.conda#b2f8c8e5a7651a1d7c05404c3a159517
https://conda.anaconda.org/conda-forge/osx-arm64/liblzma-5.8.3-h8088a28_0.conda#b1fd823b5ae54fbec272cea0811bd8a9
https://conda.anaconda.org/conda-forge/osx-arm64/libogg-1.3.5-h48c0fde_1.conda#29b8b11f6d7e6bd0e76c029dcf9dd024
https://conda.anaconda.org/conda-forge/osx-arm64/libopus-1.6.1-h1a92334_0.conda#7f414dd3fd1cb7a76e51fec074a9c49e
https://conda.anaconda.org/conda-forge/osx-arm64/libusb-1.0.29-hbc156a2_0.conda#f6654e9e96e9d973981b3b2f898a5bfa
https://conda.anaconda.org/conda-forge/osx-arm64/libwebp-base-1.6.0-h202fb40_1.conda#168a13e329259710b28277abc1395b8e
https://conda.anaconda.org/conda-forge/osx-arm64/libzlib-1.3.2-h8088a28_3.conda#f39288f0ea63ae962e1a2e4f355a0d75
https://conda.anaconda.org/conda-forge/osx-arm64/ncurses-6.6-h1d4f5a5_0.conda#343d10ed5b44030a2f67193905aea159
https://conda.anaconda.org/conda-forge/noarch/tzdata-2026c-h151e31d_0.conda#fcb489df604d100968b737f2cb6076c6
https://conda.anaconda.org/conda-forge/osx-arm64/x264-1!164.3095-h57fd34a_2.tar.bz2#b1f6dccde5d3a1f911960b6e567113ff
https://conda.anaconda.org/conda-forge/osx-arm64/aom-3.14.1-pl5321h513545f_1.conda#506b0327a51de9871ce2725022c0c955
https://conda.anaconda.org/conda-forge/noarch/fonts-conda-forge-1-hc364b38_1.conda#a7970cd949a077b7cb9696379d338681
https://conda.anaconda.org/conda-forge/osx-arm64/gmp-6.3.0-h7bae524_2.conda#eed7278dfbab727b56f2c0b64330814b
https://conda.anaconda.org/conda-forge/osx-arm64/graphite2-1.3.15-h784d473_1.conda#0c7b78d9ffff4f5a6ca28d346f734d8f
https://conda.anaconda.org/conda-forge/osx-arm64/lerc-4.2.0-h1eee2c3_0.conda#e429aec4037d5cb8fd34ded9f5dadd39
https://conda.anaconda.org/conda-forge/osx-arm64/libabseil-20260107.1-cxx17_h2062a1b_0.conda#bb65152e0d7c7178c0f1ee25692c9fd1
https://conda.anaconda.org/conda-forge/osx-arm64/libbrotlidec-1.2.0-hc919400_1.conda#079e88933963f3f149054eec2c487bc2
https://conda.anaconda.org/conda-forge/osx-arm64/libbrotlienc-1.2.0-hc919400_1.conda#b2b7c8288ca1a2d71ff97a8e6a1e8883
https://conda.anaconda.org/conda-forge/osx-arm64/libhwy-1.4.0-h493e8d7_0.conda#5b102fdc40afa0b6030c7867d939c00e
https://conda.anaconda.org/conda-forge/osx-arm64/libintl-0.25.1-h493aca8_0.conda#5103f6a6b210a3912faf8d7db516918c
https://conda.anaconda.org/conda-forge/osx-arm64/libpng-1.6.58-h132b30e_0.conda#2259ae0949dbe20c0665850365109b27
https://conda.anaconda.org/conda-forge/osx-arm64/libsqlite-3.53.4-h1ae2325_0.conda#0e3477c0c3e718dcf2eb74ccc8f68570
https://conda.anaconda.org/conda-forge/osx-arm64/libvorbis-1.3.7-h81086ad_2.conda#719e7653178a09f5ca0aa05f349b41f7
https://conda.anaconda.org/conda-forge/osx-arm64/libvpx-1.15.2-ha759d40_0.conda#0d2febd301e25a48e00447b300d68f9c
https://conda.anaconda.org/conda-forge/osx-arm64/libvulkan-loader-1.4.357.0-h3feff0a_0.conda#0996a81de4f2e102521aed02fa6d95eb
https://conda.anaconda.org/conda-forge/osx-arm64/libxml2-16-2.15.3-h5ef1a60_0.conda#19edaa53885fc8205614b03da2482282
https://conda.anaconda.org/conda-forge/osx-arm64/mpg123-1.32.9-hbb31fce_0.conda#b3cd3cd07dba5bb09c65d9f5344fa76e
https://conda.anaconda.org/conda-forge/osx-arm64/openh264-2.6.0-hdf0efb5_1.conda#16691d628bbf06c067c5325f6b2edf1c
https://conda.anaconda.org/conda-forge/osx-arm64/openssl-3.6.3-hd24854e_1.conda#65d1906712b85d1679263c518d011b5b
https://conda.anaconda.org/conda-forge/osx-arm64/pcre2-10.47-h30297fc_0.conda#9b4190c4055435ca3502070186eba53a
https://conda.anaconda.org/conda-forge/osx-arm64/pixman-0.46.4-h784d473_3.conda#9a99c0b60efe41c194d01c182d000733
https://conda.anaconda.org/conda-forge/osx-arm64/pugixml-1.15-hd3d436d_0.conda#b9a4004e46de7aeb005304a13b35cb94
https://conda.anaconda.org/conda-forge/osx-arm64/readline-8.3-h46df422_0.conda#f8381319127120ce51e081dce4865cf4
https://conda.anaconda.org/conda-forge/osx-arm64/snappy-1.2.2-hada39a4_1.conda#fca4a2222994acd7f691e57f94b750c5
https://conda.anaconda.org/conda-forge/osx-arm64/spirv-tools-2026.2-h4ddebb9_3.conda#88dc80dd3bc3cde960d0164d155b594d
https://conda.anaconda.org/conda-forge/osx-arm64/svt-av1-4.2.0-h0cb729a_0.conda#7d697f995ff16231780ae534ea0d5266
https://conda.anaconda.org/conda-forge/osx-arm64/tk-8.6.13-hd3d0363_3.conda#8e3cf0e455e6b54519f0b1c72c61780a
https://conda.anaconda.org/conda-forge/osx-arm64/x265-3.5-hbc6ce65_3.tar.bz2#b1f7f2780feffe310b068c021e8ff9b2
https://conda.anaconda.org/conda-forge/osx-arm64/zstd-1.5.7-hbf9d68e_6.conda#ab136e4c34e97f34fb621d2592a393d8
https://conda.anaconda.org/conda-forge/noarch/fonts-conda-ecosystem-1-0.tar.bz2#fee5683a3f04bd15cbd8318b096a27ab
https://conda.anaconda.org/conda-forge/osx-arm64/glslang-16.5.0-hf31e910_1.conda#5a4118473935b9676fc5284d069825b7
https://conda.anaconda.org/conda-forge/osx-arm64/lame-4.0-h9fa95f5_0.conda#c472f03d82184ebd2190e1a5807efe2f
https://conda.anaconda.org/conda-forge/osx-arm64/libfreetype6-2.14.3-hdfa99f5_1.conda#a0bb0678f67c464938d3693fa96f6884
https://conda.anaconda.org/conda-forge/osx-arm64/libglib-2.88.3-ha08bb59_0.conda#4a9309d9502a08a2d29b1743dcfb0e7f
https://conda.anaconda.org/conda-forge/osx-arm64/libjxl-0.12.0-h934fa54_1.conda#a7040219e41397bf619b7062aaa88de1
https://conda.anaconda.org/conda-forge/osx-arm64/libprotobuf-6.33.5-hb82ec63_2.conda#fa6df7c5daaa2c0f22da8c742da223ec
https://conda.anaconda.org/conda-forge/osx-arm64/libtiff-4.7.2-h282da08_0.conda#6fa87106b3c041ad6d965a9411e79b94
https://conda.anaconda.org/conda-forge/osx-arm64/libxml2-2.15.3-h5654f7c_0.conda#8e037d73747d6fe34e12d7bcac10cf21
https://conda.anaconda.org/conda-forge/osx-arm64/python-3.11.15-h0c9c016_1_cpython.conda#91607d75cdf9fafc95061e3763582657
https://conda.anaconda.org/conda-forge/osx-arm64/dbus-1.16.2-h3ff7a7c_1.conda#5a3506971d2d53023c1c4450e908a8da
https://conda.anaconda.org/conda-forge/osx-arm64/gdk-pixbuf-2.44.7-h4e57454_0.conda#f717a22e13a1499c9552ffff02d22d64
https://conda.anaconda.org/conda-forge/osx-arm64/lcms2-2.19.1-hdfa7624_1.conda#d2f2c7c10e2957647d45589b7701a453
https://conda.anaconda.org/conda-forge/osx-arm64/libfreetype-2.14.3-hce30654_1.conda#0582e67cd14cfed773be2f3b1aba08e0
https://conda.anaconda.org/conda-forge/osx-arm64/libhwloc-2.13.0-default_ha97f43a_1000.conda#fed55ddd65a830cb62e78f07cfffcd41
https://conda.anaconda.org/conda-forge/noarch/packaging-26.3-pyhc364b38_0.conda#936687ed80f295a1f5dbcf8bd34c252c
https://conda.anaconda.org/conda-forge/noarch/setuptools-83.0.0-pyh332efcf_0.conda#6bf6acbab2499830180ec88c3aff2fa4
https://conda.anaconda.org/conda-forge/osx-arm64/shaderc-2026.3-h565cd3f_0.conda#dcba860d2b44c4bd7101e5d6cdef7639
https://conda.anaconda.org/conda-forge/osx-arm64/fontconfig-2.18.2-h2b252f5_0.conda#992ac5eb08a3a29b5f465cf90f326471
https://conda.anaconda.org/conda-forge/osx-arm64/freetype-2.14.3-hce30654_1.conda#7bd06ab4ed807154c2d9031eb5ebf025
https://conda.anaconda.org/conda-forge/osx-arm64/libplacebo-7.360.1-hca394fb_1.conda#dff7f8dd3053f3253d79171216aa1db7
https://conda.anaconda.org/conda-forge/osx-arm64/sdl3-3.4.14-h6fa9c73_0.conda#1e0f2089d4efd60b4407466b0f4cf81a
https://conda.anaconda.org/conda-forge/osx-arm64/tbb-2023.0.0-he0260a5_2.conda#440c0a36cc20db1f28877a69afbb5e88
https://conda.anaconda.org/conda-forge/noarch/wheel-0.47.0-pyhd8ed1ab_0.conda#d0e3b2f0030cf4fca58bde71d246e94c
https://conda.anaconda.org/conda-forge/osx-arm64/cairo-1.18.4-he0f2337_1.conda#36200ecfbbfbcb82063c87725434161f
https://conda.anaconda.org/conda-forge/osx-arm64/libopenvino-2026.2.1-hd05642e_0.conda#c97c467b953b3723a645ae98872d321a
https://conda.anaconda.org/conda-forge/noarch/pip-26.2.1-pyh8b19718_0.conda#77b6cf3b0689d9fc68561df0db9b856d
https://conda.anaconda.org/conda-forge/osx-arm64/sdl2-2.32.56-h784d473_0.conda#81a4c982e9ac52e620eb810f463de9ad
https://conda.anaconda.org/conda-forge/osx-arm64/libharfbuzz-14.3.0-h5a65909_0.conda#19248fa96b4c573e46bfec7fa3c875fa
https://conda.anaconda.org/conda-forge/osx-arm64/libopenvino-arm-cpu-plugin-2026.2.1-hd05642e_0.conda#616c52a19cc52ba63663d3c6893f569c
https://conda.anaconda.org/conda-forge/osx-arm64/libopenvino-auto-batch-plugin-2026.2.1-h4f620ee_0.conda#63444448cc5815092c549d69de1d0d2f
https://conda.anaconda.org/conda-forge/osx-arm64/libopenvino-auto-plugin-2026.2.1-h4f620ee_0.conda#0a74d4168cadc60ecfcd264849c68273
https://conda.anaconda.org/conda-forge/osx-arm64/libopenvino-hetero-plugin-2026.2.1-h85cbfa6_0.conda#b81669add82aeb3cd91cece122fc8cec
https://conda.anaconda.org/conda-forge/osx-arm64/libopenvino-ir-frontend-2026.2.1-h85cbfa6_0.conda#28abf17a1e589c38e548e3d0ca82b080
https://conda.anaconda.org/conda-forge/osx-arm64/libopenvino-onnx-frontend-2026.2.1-h41365f2_0.conda#0666441b9449e2881a9b8779bcadd0d6
https://conda.anaconda.org/conda-forge/osx-arm64/libopenvino-paddle-frontend-2026.2.1-h41365f2_0.conda#bd7d05e44936cb51bc913ed8c8531d40
https://conda.anaconda.org/conda-forge/osx-arm64/libopenvino-pytorch-frontend-2026.2.1-hf6b4638_0.conda#233ec3d2f810275a790334ba594d7ee7
https://conda.anaconda.org/conda-forge/osx-arm64/libopenvino-tensorflow-frontend-2026.2.1-hc295da0_0.conda#dffdf1bd0585e7c569ee5d55ec8ce520
https://conda.anaconda.org/conda-forge/osx-arm64/libopenvino-tensorflow-lite-frontend-2026.2.1-hf6b4638_0.conda#fb12b5fa9aef86a20fb9b0d93eb5d948
https://conda.anaconda.org/conda-forge/osx-arm64/libharfbuzz-devel-14.3.0-h5a65909_0.conda#9b9a765bb25ac591d79ced348d4dc340
https://conda.anaconda.org/conda-forge/osx-arm64/pango-1.58.2-hf80efc4_0.conda#83c3d3d895dd96f87b0a1916e2c41f70
https://conda.anaconda.org/conda-forge/osx-arm64/harfbuzz-14.3.0-hce30654_0.conda#aab13bb027c8295f5b09ccb8cd084698
https://conda.anaconda.org/conda-forge/osx-arm64/libass-0.17.5-h3245dfc_0.conda#baae8eafd053d3e6bd88c6d053c6f624
https://conda.anaconda.org/conda-forge/osx-arm64/librsvg-2.62.3-he8aa2a2_0.conda#6973724fadafe66ac6e4f1c55c191407
https://conda.anaconda.org/conda-forge/osx-arm64/ffmpeg-8.1.2-gpl_h82c4c68_105.conda#aee023049649327acd423b861ed865fe
